
Microsoft Visual Studio Solution File, Format Version 12.00
# Visual Studio Version 17
VisualStudioVersion = 17.3.32929.385
MinimumVisualStudioVersion = 10.0.40219.1
Project("{9A19103F-16F7-4668-BE54-9A1E7A4F7556}") = "JC.Samples.WindowsServiceGuiLauncher", "JC.Samples.WindowServiceGuiLauncher\JC.Samples.WindowsServiceGuiLauncher.csproj", "{2833A1A4-1B3D-48FE-AEE7-5962CF15B938}"
EndProject
Global
	GlobalSection(SolutionConfigurationPlatforms) = preSolution
		Debug|Any CPU = Debug|Any CPU
		Release|Any CPU = Release|Any CPU
	EndGlobalSection
	GlobalSection(ProjectConfigurationPlatforms) = postSolution
		{2833A1A4-1B3D-48FE-AEE7-5962CF15B938}.Debug|Any CPU.ActiveCfg = Debug|Any CPU
		{2833A1A4-1B3D-48FE-AEE7-5962CF15B938}.Debug|Any CPU.Build.0 = Debug|Any CPU
		{2833A1A4-1B3D-48FE-AEE7-5962CF15B938}.Release|Any CPU.ActiveCfg = Release|Any CPU
		{2833A1A4-1B3D-48FE-AEE7-5962CF15B938}.Release|Any CPU.Build.0 = Release|Any CPU
	EndGlobalSection
	GlobalSection(SolutionProperties) = preSolution
		HideSolutionNode = FALSE
	EndGlobalSection
	GlobalSection(ExtensibilityGlobals) = postSolution
		SolutionGuid = {7975C058-5274-4FF5-89F9-3EDA4E6C958A}
	EndGlobalSection
EndGlobal
